// !$*UTF8*$!
{
	archiveVersion = 1;
	classes = {
	};
	objectVersion = 46;
	objects = {

/* Begin PBXBuildFile section */
		F0D56C341AF2FA2700F6E12C /* Foundation.framework in Frameworks */ = {isa = PBXBuildFile; fileRef = F0D56C331AF2FA2700F6E12C /* Foundation.framework */; };
		F0D56C361AF2FA2700F6E12C /* CoreGraphics.framework in Frameworks */ = {isa = PBXBuildFile; fileRef = F0D56C351AF2FA2700F6E12C /* CoreGraphics.framework */; };
		F0D56C381AF2FA2700F6E12C /* UIKit.framework in Frameworks */ = {isa = PBXBuildFile; fileRef = F0D56C371AF2FA2700F6E12C /* UIKit.framework */; };
		F0D56C3E1AF2FA2700F6E12C /* InfoPlist.strings in Resources */ = {isa = PBXBuildFile; fileRef = F0D56C3C1AF2FA2700F6E12C /* InfoPlist.strings */; };
		F0D56C401AF2FA2700F6E12C /* main.m in Sources */ = {isa = PBXBuildFile; fileRef = F0D56C3F1AF2FA2700F6E12C /* main.m */; };
		F0D56C441AF2FA2700F6E12C /* AppDelegate.m in Sources */ = {isa = PBXBuildFile; fileRef = F0D56C431AF2FA2700F6E12C /* AppDelegate.m */; };
		F0D56C471AF2FA2700F6E12C /* Main_iPhone.storyboard in Resources */ = {isa = PBXBuildFile; fileRef = F0D56C451AF2FA2700F6E12C /* Main_iPhone.storyboard */; };
		F0D56C4A1AF2FA2700F6E12C /* Main_iPad.storyboard in Resources */ = {isa = PBXBuildFile; fileRef = F0D56C481AF2FA2700F6E12C /* Main_iPad.storyboard */; };
		F0D56C4D1AF2FA2700F6E12C /* ViewController.m in Sources */ = {isa = PBXBuildFile; fileRef = F0D56C4C1AF2FA2700F6E12C /* ViewController.m */; };
		F0D56C4F1AF2FA2700F6E12C /* Images.xcassets in Resources */ = {isa = PBXBuildFile; fileRef = F0D56C4E1AF2FA2700F6E12C /* Images.xcassets */; };
		F0D56C561AF2FA2700F6E12C /* XCTest.framework in Frameworks */ = {isa = PBXBuildFile; fileRef = F0D56C551AF2FA2700F6E12C /* XCTest.framework */; };
		F0D56C571AF2FA2700F6E12C /* Foundation.framework in Frameworks */ = {isa = PBXBuildFile; fileRef = F0D56C331AF2FA2700F6E12C /* Foundation.framework */; };
		F0D56C581AF2FA2700F6E12C /* UIKit.framework in Frameworks */ = {isa = PBXBuildFile; fileRef = F0D56C371AF2FA2700F6E12C /* UIKit.framework */; };
		F0D56C601AF2FA2700F6E12C /* InfoPlist.strings in Resources */ = {isa = PBXBuildFile; fileRef = F0D56C5E1AF2FA2700F6E12C /* InfoPlist.strings */; };
		F0D56C621AF2FA2700F6E12C /* IGN_CodeFooTests.m in Sources */ = {isa = PBXBuildFile; fileRef = F0D56C611AF2FA2700F6E12C /* IGN_CodeFooTests.m */; };
		F0D56C731AF3091100F6E12C /* articles.jpg in Resources */ = {isa = PBXBuildFile; fileRef = F0D56C711AF3091100F6E12C /* articles.jpg */; };
		F0D56C741AF3091100F6E12C /* videos.jpg in Resources */ = {isa = PBXBuildFile; fileRef = F0D56C721AF3091100F6E12C /* videos.jpg */; };
/* End PBXBuildFile section */

/* Begin PBXContainerItemProxy section */
		F0D56C591AF2FA2700F6E12C /* PBXContainerItemProxy */ = {
			isa = PBXContainerItemProxy;
			containerPortal = F0D56C281AF2FA2700F6E12C /* Project object */;
			proxyType = 1;
			remoteGlobalIDString = F0D56C2F1AF2FA2700F6E12C;
			remoteInfo = "IGN CodeFoo";
		};
/* End PBXContainerItemProxy section */

/* Begin PBXFileReference section */
		F0D56C301AF2FA2700F6E12C /* IGN CodeFoo.app */ = {isa = PBXFileReference; explicitFileType = wrapper.application; includeInIndex = 0; path = "IGN CodeFoo.app"; sourceTree = BUILT_PRODUCTS_DIR; };
		F0D56C331AF2FA2700F6E12C /* Foundation.framework */ = {isa = PBXFileReference; lastKnownFileType = wrapper.framework; name = Foundation.framework; path = System/Library/Frameworks/Foundation.framework; sourceTree = SDKROOT; };
		F0D56C351AF2FA2700F6E12C /* CoreGraphics.framework */ = {isa = PBXFileReference; lastKnownFileType = wrapper.framework; name = CoreGraphics.framework; path = System/Library/Frameworks/CoreGraphics.framework; sourceTree = SDKROOT; };
		F0D56C371AF2FA2700F6E12C /* UIKit.framework */ = {isa = PBXFileReference; lastKnownFileType = wrapper.framework; name = UIKit.framework; path = System/Library/Frameworks/UIKit.framework; sourceTree = SDKROOT; };
		F0D56C3B1AF2FA2700F6E12C /* IGN CodeFoo-Info.plist */ = {isa = PBXFileReference; lastKnownFileType = text.plist.xml; path = "IGN CodeFoo-Info.plist"; sourceTree = "<group>"; };
		F0D56C3D1AF2FA2700F6E12C /* en */ = {isa = PBXFileReference; lastKnownFileType = text.plist.strings; name = en; path = en.lproj/InfoPlist.strings; sourceTree = "<group>"; };
		F0D56C3F1AF2FA2700F6E12C /* main.m */ = {isa = PBXFileReference; lastKnownFileType = sourcecode.c.objc; path = main.m; sourceTree = "<group>"; };
		F0D56C411AF2FA2700F6E12C /* IGN CodeFoo-Prefix.pch */ = {isa = PBXFileReference; lastKnownFileType = sourcecode.c.h; path = "IGN CodeFoo-Prefix.pch"; sourceTree = "<group>"; };
		F0D56C421AF2FA2700F6E12C /* AppDelegate.h */ = {isa = PBXFileReference; lastKnownFileType = sourcecode.c.h; path = AppDelegate.h; sourceTree = "<group>"; };
		F0D56C431AF2FA2700F6E12C /* AppDelegate.m */ = {isa = PBXFileReference; lastKnownFileType = sourcecode.c.objc; path = AppDelegate.m; sourceTree = "<group>"; };
		F0D56C461AF2FA2700F6E12C /* Base */ = {isa = PBXFileReference; lastKnownFileType = file.storyboard; name = Base; path = Base.lproj/Main_iPhone.storyboard; sourceTree = "<group>"; };
		F0D56C491AF2FA2700F6E12C /* Base */ = {isa = PBXFileReference; lastKnownFileType = file.storyboard; name = Base; path = Base.lproj/Main_iPad.storyboard; sourceTree = "<group>"; };
		F0D56C4B1AF2FA2700F6E12C /* ViewController.h */ = {isa = PBXFileReference; lastKnownFileType = sourcecode.c.h; path = ViewController.h; sourceTree = "<group>"; };
		F0D56C4C1AF2FA2700F6E12C /* ViewController.m */ = {isa = PBXFileReference; lastKnownFileType = sourcecode.c.objc; path = ViewController.m; sourceTree = "<group>"; };
		F0D56C4E1AF2FA2700F6E12C /* Images.xcassets */ = {isa = PBXFileReference; lastKnownFileType = folder.assetcatalog; path = Images.xcassets; sourceTree = "<group>"; };
		F0D56C541AF2FA2700F6E12C /* IGN CodeFooTests.xctest */ = {isa = PBXFileReference; explicitFileType = wrapper.cfbundle; includeInIndex = 0; path = "IGN CodeFooTests.xctest"; sourceTree = BUILT_PRODUCTS_DIR; };
		F0D56C551AF2FA2700F6E12C /* XCTest.framework */ = {isa = PBXFileReference; lastKnownFileType = wrapper.framework; name = XCTest.framework; path = Library/Frameworks/XCTest.framework; sourceTree = DEVELOPER_DIR; };
		F0D56C5D1AF2FA2700F6E12C /* IGN CodeFooTests-Info.plist */ = {isa = PBXFileReference; lastKnownFileType = text.plist.xml; path = "IGN CodeFooTests-Info.plist"; sourceTree = "<group>"; };
		F0D56C5F1AF2FA2700F6E12C /* en */ = {isa = PBXFileReference; lastKnownFileType = text.plist.strings; name = en; path = en.lproj/InfoPlist.strings; sourceTree = "<group>"; };
		F0D56C611AF2FA2700F6E12C /* IGN_CodeFooTests.m */ = {isa = PBXFileReference; lastKnownFileType = sourcecode.c.objc; path = IGN_CodeFooTests.m; sourceTree = "<group>"; };
		F0D56C711AF3091100F6E12C /* articles.jpg */ = {isa = PBXFileReference; lastKnownFileType = image.jpeg; name = articles.jpg; path = ../../Downloads/articles.jpg; sourceTree = "<group>"; };
		F0D56C721AF3091100F6E12C /* videos.jpg */ = {isa = PBXFileReference; lastKnownFileType = image.jpeg; name = videos.jpg; path = ../../Downloads/videos.jpg; sourceTree = "<group>"; };
/* End PBXFileReference section */

/* Begin PBXFrameworksBuildPhase section */
		F0D56C2D1AF2FA2700F6E12C /* Frameworks */ = {
			isa = PBXFrameworksBuildPhase;
			buildActionMask = 2147483647;
			files = (
				F0D56C361AF2FA2700F6E12C /* CoreGraphics.framework in Frameworks */,
				F0D56C381AF2FA2700F6E12C /* UIKit.framework in Frameworks */,
				F0D56C341AF2FA2700F6E12C /* Foundation.framework in Frameworks */,
			);
			runOnlyForDeploymentPostprocessing = 0;
		};
		F0D56C511AF2FA2700F6E12C /* Frameworks */ = {
			isa = PBXFrameworksBuildPhase;
			buildActionMask = 2147483647;
			files = (
				F0D56C561AF2FA2700F6E12C /* XCTest.framework in Frameworks */,
				F0D56C581AF2FA2700F6E12C /* UIKit.framework in Frameworks */,
				F0D56C571AF2FA2700F6E12C /* Foundation.framework in Frameworks */,
			);
			runOnlyForDeploymentPostprocessing = 0;
		};
/* End PBXFrameworksBuildPhase section */

/* Begin PBXGroup section */
		F0D56C271AF2FA2700F6E12C = {
			isa = PBXGroup;
			children = (
				F0D56C711AF3091100F6E12C /* articles.jpg */,
				F0D56C721AF3091100F6E12C /* videos.jpg */,
				F0D56C391AF2FA2700F6E12C /* IGN CodeFoo */,
				F0D56C5B1AF2FA2700F6E12C /* IGN CodeFooTests */,
				F0D56C321AF2FA2700F6E12C /* Frameworks */,
				F0D56C311AF2FA2700F6E12C /* Products */,
			);
			sourceTree = "<group>";
		};
		F0D56C311AF2FA2700F6E12C /* Products */ = {
			isa = PBXGroup;
			children = (
				F0D56C301AF2FA2700F6E12C /* IGN CodeFoo.app */,
				F0D56C541AF2FA2700F6E12C /* IGN CodeFooTests.xctest */,
			);
			name = Products;
			sourceTree = "<group>";
		};
		F0D56C321AF2FA2700F6E12C /* Frameworks */ = {
			isa = PBXGroup;
			children = (
				F0D56C331AF2FA2700F6E12C /* Foundation.framework */,
				F0D56C351AF2FA2700F6E12C /* CoreGraphics.framework */,
				F0D56C371AF2FA2700F6E12C /* UIKit.framework */,
				F0D56C551AF2FA2700F6E12C /* XCTest.framework */,
			);
			name = Frameworks;
			sourceTree = "<group>";
		};
		F0D56C391AF2FA2700F6E12C /* IGN CodeFoo */ = {
			isa = PBXGroup;
			children = (
				F0D56C421AF2FA2700F6E12C /* AppDelegate.h */,
				F0D56C431AF2FA2700F6E12C /* AppDelegate.m */,
				F0D56C451AF2FA2700F6E12C /* Main_iPhone.storyboard */,
				F0D56C481AF2FA2700F6E12C /* Main_iPad.storyboard */,
				F0D56C4B1AF2FA2700F6E12C /* ViewController.h */,
				F0D56C4C1AF2FA2700F6E12C /* ViewController.m */,
				F0D56C4E1AF2FA2700F6E12C /* Images.xcassets */,
				F0D56C3A1AF2FA2700F6E12C /* Supporting Files */,
			);
			path = "IGN CodeFoo";
			sourceTree = "<group>";
		};
		F0D56C3A1AF2FA2700F6E12C /* Supporting Files */ = {
			isa = PBXGroup;
			children = (
				F0D56C3B1AF2FA2700F6E12C /* IGN CodeFoo-Info.plist */,
				F0D56C3C1AF2FA2700F6E12C /* InfoPlist.strings */,
				F0D56C3F1AF2FA2700F6E12C /* main.m */,
				F0D56C411AF2FA2700F6E12C /* IGN CodeFoo-Prefix.pch */,
			);
			name = "Supporting Files";
			sourceTree = "<group>";
		};
		F0D56C5B1AF2FA2700F6E12C /* IGN CodeFooTests */ = {
			isa = PBXGroup;
			children = (
				F0D56C611AF2FA2700F6E12C /* IGN_CodeFooTests.m */,
				F0D56C5C1AF2FA2700F6E12C /* Supporting Files */,
			);
			path = "IGN CodeFooTests";
			sourceTree = "<group>";
		};
		F0D56C5C1AF2FA2700F6E12C /* Supporting Files */ = {
			isa = PBXGroup;
			children = (
				F0D56C5D1AF2FA2700F6E12C /* IGN CodeFooTests-Info.plist */,
				F0D56C5E1AF2FA2700F6E12C /* InfoPlist.strings */,
			);
			name = "Supporting Files";
			sourceTree = "<group>";
		};
/* End PBXGroup section */

/* Begin PBXNativeTarget section */
		F0D56C2F1AF2FA2700F6E12C /* IGN CodeFoo */ = {
			isa = PBXNativeTarget;
			buildConfigurationList = F0D56C651AF2FA2700F6E12C /* Build configuration list for PBXNativeTarget "IGN CodeFoo" */;
			buildPhases = (
				F0D56C2C1AF2FA2700F6E12C /* Sources */,
				F0D56C2D1AF2FA2700F6E12C /* Frameworks */,
				F0D56C2E1AF2FA2700F6E12C /* Resources */,
			);
			buildRules = (
			);
			dependencies = (
			);
			name = "IGN CodeFoo";
			productName = "IGN CodeFoo";
			productReference = F0D56C301AF2FA2700F6E12C /* IGN CodeFoo.app */;
			productType = "com.apple.product-type.application";
		};
		F0D56C531AF2FA2700F6E12C /* IGN CodeFooTests */ = {
			isa = PBXNativeTarget;
			buildConfigurationList = F0D56C681AF2FA2700F6E12C /* Build configuration list for PBXNativeTarget "IGN CodeFooTests" */;
			buildPhases = (
				F0D56C501AF2FA2700F6E12C /* Sources */,
				F0D56C511AF2FA2700F6E12C /* Frameworks */,
				F0D56C521AF2FA2700F6E12C /* Resources */,
			);
			buildRules = (
			);
			dependencies = (
				F0D56C5A1AF2FA2700F6E12C /* PBXTargetDependency */,
			);
			name = "IGN CodeFooTests";
			productName = "IGN CodeFooTests";
			productReference = F0D56C541AF2FA2700F6E12C /* IGN CodeFooTests.xctest */;
			productType = "com.apple.product-type.bundle.unit-test";
		};
/* End PBXNativeTarget section */

/* Begin PBXProject section */
		F0D56C281AF2FA2700F6E12C /* Project object */ = {
			isa = PBXProject;
			attributes = {
				LastUpgradeCheck = 0500;
				ORGANIZATIONNAME = Kumaran;
				TargetAttributes = {
					F0D56C531AF2FA2700F6E12C = {
						TestTargetID = F0D56C2F1AF2FA2700F6E12C;
					};
				};
			};
			buildConfigurationList = F0D56C2B1AF2FA2700F6E12C /* Build configuration list for PBXProject "IGN CodeFoo" */;
			compatibilityVersion = "Xcode 3.2";
			developmentRegion = English;
			hasScannedForEncodings = 0;
			knownRegions = (
				en,
				Base,
			);
			mainGroup = F0D56C271AF2FA2700F6E12C;
			productRefGroup = F0D56C311AF2FA2700F6E12C /* Products */;
			projectDirPath = "";
			projectRoot = "";
			targets = (
				F0D56C2F1AF2FA2700F6E12C /* IGN CodeFoo */,
				F0D56C531AF2FA2700F6E12C /* IGN CodeFooTests */,
			);
		};
/* End PBXProject section */

/* Begin PBXResourcesBuildPhase section */
		F0D56C2E1AF2FA2700F6E12C /* Resources */ = {
			isa = PBXResourcesBuildPhase;
			buildActionMask = 2147483647;
			files = (
				F0D56C4A1AF2FA2700F6E12C /* Main_iPad.storyboard in Resources */,
				F0D56C731AF3091100F6E12C /* articles.jpg in Resources */,
				F0D56C4F1AF2FA2700F6E12C /* Images.xcassets in Resources */,
				F0D56C741AF3091100F6E12C /* videos.jpg in Resources */,
				F0D56C471AF2FA2700F6E12C /* Main_iPhone.storyboard in Resources */,
				F0D56C3E1AF2FA2700F6E12C /* InfoPlist.strings in Resources */,
			);
			runOnlyForDeploymentPostprocessing = 0;
		};
		F0D56C521AF2FA2700F6E12C /* Resources */ = {
			isa = PBXResourcesBuildPhase;
			buildActionMask = 2147483647;
			files = (
				F0D56C601AF2FA2700F6E12C /* InfoPlist.strings in Resources */,
			);
			runOnlyForDeploymentPostprocessing = 0;
		};
/* End PBXResourcesBuildPhase section */

/* Begin PBXSourcesBuildPhase section */
		F0D56C2C1AF2FA2700F6E12C /* Sources */ = {
			isa = PBXSourcesBuildPhase;
			buildActionMask = 2147483647;
			files = (
				F0D56C4D1AF2FA2700F6E12C /* ViewController.m in Sources */,
				F0D56C441AF2FA2700F6E12C /* AppDelegate.m in Sources */,
				F0D56C401AF2FA2700F6E12C /* main.m in Sources */,
			);
			runOnlyForDeploymentPostprocessing = 0;
		};
		F0D56C501AF2FA2700F6E12C /* Sources */ = {
			isa = PBXSourcesBuildPhase;
			buildActionMask = 2147483647;
			files = (
				F0D56C621AF2FA2700F6E12C /* IGN_CodeFooTests.m in Sources */,
			);
			runOnlyForDeploymentPostprocessing = 0;
		};
/* End PBXSourcesBuildPhase section */

/* Begin PBXTargetDependency section */
		F0D56C5A1AF2FA2700F6E12C /* PBXTargetDependency */ = {
			isa = PBXTargetDependency;
			target = F0D56C2F1AF2FA2700F6E12C /* IGN CodeFoo */;
			targetProxy = F0D56C591AF2FA2700F6E12C /* PBXContainerItemProxy */;
		};
/* End PBXTargetDependency section */

/* Begin PBXVariantGroup section */
		F0D56C3C1AF2FA2700F6E12C /* InfoPlist.strings */ = {
			isa = PBXVariantGroup;
			children = (
				F0D56C3D1AF2FA2700F6E12C /* en */,
			);
			name = InfoPlist.strings;
			sourceTree = "<group>";
		};
		F0D56C451AF2FA2700F6E12C /* Main_iPhone.storyboard */ = {
			isa = PBXVariantGroup;
			children = (
				F0D56C461AF2FA2700F6E12C /* Base */,
			);
			name = Main_iPhone.storyboard;
			sourceTree = "<group>";
		};
		F0D56C481AF2FA2700F6E12C /* Main_iPad.storyboard */ = {
			isa = PBXVariantGroup;
			children = (
				F0D56C491AF2FA2700F6E12C /* Base */,
			);
			name = Main_iPad.storyboard;
			sourceTree = "<group>";
		};
		F0D56C5E1AF2FA2700F6E12C /* InfoPlist.strings */ = {
			isa = PBXVariantGroup;
			children = (
				F0D56C5F1AF2FA2700F6E12C /* en */,
			);
			name = InfoPlist.strings;
			sourceTree = "<group>";
		};
/* End PBXVariantGroup section */

/* Begin XCBuildConfiguration section */
		F0D56C631AF2FA2700F6E12C /* Debug */ = {
			isa = XCBuildConfiguration;
			buildSettings = {
				ALWAYS_SEARCH_USER_PATHS = NO;
				ARCHS = "$(ARCHS_STANDARD_INCLUDING_64_BIT)";
				CLANG_CXX_LANGUAGE_STANDARD = "gnu++0x";
				CLANG_CXX_LIBRARY = "libc++";
				CLANG_ENABLE_MODULES = YES;
				CLANG_ENABLE_OBJC_ARC = YES;
				CLANG_WARN_BOOL_CONVERSION = YES;
				CLANG_WARN_CONSTANT_CONVERSION = YES;
				CLANG_WARN_DIRECT_OBJC_ISA_USAGE = YES_ERROR;
				CLANG_WARN_EMPTY_BODY = YES;
				CLANG_WARN_ENUM_CONVERSION = YES;
				CLANG_WARN_INT_CONVERSION = YES;
				CLANG_WARN_OBJC_ROOT_CLASS = YES_ERROR;
				CLANG_WARN__DUPLICATE_METHOD_MATCH = YES;
				"CODE_SIGN_IDENTITY[sdk=iphoneos*]" = "iPhone Developer";
				COPY_PHASE_STRIP = NO;
				GCC_C_LANGUAGE_STANDARD = gnu99;
				GCC_DYNAMIC_NO_PIC = NO;
				GCC_OPTIMIZATION_LEVEL = 0;
				GCC_PREPROCESSOR_DEFINITIONS = (
					"DEBUG=1",
					"$(inherited)",
				);
				GCC_SYMBOLS_PRIVATE_EXTERN = NO;
				GCC_WARN_64_TO_32_BIT_CONVERSION = YES;
				GCC_WARN_ABOUT_RETURN_TYPE = YES_ERROR;
				GCC_WARN_UNDECLARED_SELECTOR = YES;
				GCC_WARN_UNINITIALIZED_AUTOS = YES;
				GCC_WARN_UNUSED_FUNCTION = YES;
				GCC_WARN_UNUSED_VARIABLE = YES;
				IPHONEOS_DEPLOYMENT_TARGET = 7.0;
				ONLY_ACTIVE_ARCH = YES;
				SDKROOT = iphoneos;
				TARGETED_DEVICE_FAMILY = "1,2";
			};
			name = Debug;
		};
		F0D56C641AF2FA2700F6E12C /* Release */ = {
			isa = XCBuildConfiguration;
			buildSettings = {
				ALWAYS_SEARCH_USER_PATHS = NO;
				ARCHS = "$(ARCHS_STANDARD_INCLUDING_64_BIT)";
				CLANG_CXX_LANGUAGE_STANDARD = "gnu++0x";
				CLANG_CXX_LIBRARY = "libc++";
				CLANG_ENABLE_MODULES = YES;
				CLANG_ENABLE_OBJC_ARC = YES;
				CLANG_WARN_BOOL_CONVERSION = YES;
				CLANG_WARN_CONSTANT_CONVERSION = YES;
				CLANG_WARN_DIRECT_OBJC_ISA_USAGE = YES_ERROR;
				CLANG_WARN_EMPTY_BODY = YES;
				CLANG_WARN_ENUM_CONVERSION = YES;
				CLANG_WARN_INT_CONVERSION = YES;
				CLANG_WARN_OBJC_ROOT_CLASS = YES_ERROR;
				CLANG_WARN__DUPLICATE_METHOD_MATCH = YES;
				"CODE_SIGN_IDENTITY[sdk=iphoneos*]" = "iPhone Developer";
				COPY_PHASE_STRIP = YES;
				ENABLE_NS_ASSERTIONS = NO;
				GCC_C_LANGUAGE_STANDARD = gnu99;
				GCC_WARN_64_TO_32_BIT_CONVERSION = YES;
				GCC_WARN_ABOUT_RETURN_TYPE = YES_ERROR;
				GCC_WARN_UNDECLARED_SELECTOR = YES;
				GCC_WARN_UNINITIALIZED_AUTOS = YES;
				GCC_WARN_UNUSED_FUNCTION = YES;
				GCC_WARN_UNUSED_VARIABLE = YES;
				IPHONEOS_DEPLOYMENT_TARGET = 7.0;
				SDKROOT = iphoneos;
				TARGETED_DEVICE_FAMILY = "1,2";
				VALIDATE_PRODUCT = YES;
			};
			name = Release;
		};
		F0D56C661AF2FA2700F6E12C /* Debug */ = {
			isa = XCBuildConfiguration;
			buildSettings = {
				ASSETCATALOG_COMPILER_APPICON_NAME = AppIcon;
				ASSETCATALOG_COMPILER_LAUNCHIMAGE_NAME = LaunchImage;
				GCC_PRECOMPILE_PREFIX_HEADER = YES;
				GCC_PREFIX_HEADER = "IGN CodeFoo/IGN CodeFoo-Prefix.pch";
				INFOPLIST_FILE = "IGN CodeFoo/IGN CodeFoo-Info.plist";
				PRODUCT_NAME = "$(TARGET_NAME)";
				WRAPPER_EXTENSION = app;
			};
			name = Debug;
		};
		F0D56C671AF2FA2700F6E12C /* Release */ = {
			isa = XCBuildConfiguration;
			buildSettings = {
				ASSETCATALOG_COMPILER_APPICON_NAME = AppIcon;
				ASSETCATALOG_COMPILER_LAUNCHIMAGE_NAME = LaunchImage;
				GCC_PRECOMPILE_PREFIX_HEADER = YES;
				GCC_PREFIX_HEADER = "IGN CodeFoo/IGN CodeFoo-Prefix.pch";
				INFOPLIST_FILE = "IGN CodeFoo/IGN CodeFoo-Info.plist";
				PRODUCT_NAME = "$(TARGET_NAME)";
				WRAPPER_EXTENSION = app;
			};
			name = Release;
		};
		F0D56C691AF2FA2700F6E12C /* Debug */ = {
			isa = XCBuildConfiguration;
			buildSettings = {
				ARCHS = "$(ARCHS_STANDARD_INCLUDING_64_BIT)";
				BUNDLE_LOADER = "$(BUILT_PRODUCTS_DIR)/IGN CodeFoo.app/IGN CodeFoo";
				FRAMEWORK_SEARCH_PATHS = (
					"$(SDKROOT)/Developer/Library/Frameworks",
					"$(inherited)",
					"$(DEVELOPER_FRAMEWORKS_DIR)",
				);
				GCC_PRECOMPILE_PREFIX_HEADER = YES;
				GCC_PREFIX_HEADER = "IGN CodeFoo/IGN CodeFoo-Prefix.pch";
				GCC_PREPROCESSOR_DEFINITIONS = (
					"DEBUG=1",
					"$(inherited)",
				);
				INFOPLIST_FILE = "IGN CodeFooTests/IGN CodeFooTests-Info.plist";
				PRODUCT_NAME = "$(TARGET_NAME)";
				TEST_HOST = "$(BUNDLE_LOADER)";
				WRAPPER_EXTENSION = xctest;
			};
			name = Debug;
		};
		F0D56C6A1AF2FA2700F6E12C /* Release */ = {
			isa = XCBuildConfiguration;
			buildSettings = {
				ARCHS = "$(ARCHS_STANDARD_INCLUDING_64_BIT)";
				BUNDLE_LOADER = "$(BUILT_PRODUCTS_DIR)/IGN CodeFoo.app/IGN CodeFoo";
				FRAMEWORK_SEARCH_PATHS = (
					"$(SDKROOT)/Developer/Library/Frameworks",
					"$(inherited)",
					"$(DEVELOPER_FRAMEWORKS_DIR)",
				);
				GCC_PRECOMPILE_PREFIX_HEADER = YES;
				GCC_PREFIX_HEADER = "IGN CodeFoo/IGN CodeFoo-Prefix.pch";
				INFOPLIST_FILE = "IGN CodeFooTests/IGN CodeFooTests-Info.plist";
				PRODUCT_NAME = "$(TARGET_NAME)";
				TEST_HOST = "$(BUNDLE_LOADER)";
				WRAPPER_EXTENSION = xctest;
			};
			name = Release;
		};
/* End XCBuildConfiguration section */

/* Begin XCConfigurationList section */
		F0D56C2B1AF2FA2700F6E12C /* Build configuration list for PBXProject "IGN CodeFoo" */ = {
			isa = XCConfigurationList;
			buildConfigurations = (
				F0D56C631AF2FA2700F6E12C /* Debug */,
				F0D56C641AF2FA2700F6E12C /* Release */,
			);
			defaultConfigurationIsVisible = 0;
			defaultConfigurationName = Release;
		};
		F0D56C651AF2FA2700F6E12C /* Build configuration list for PBXNativeTarget "IGN CodeFoo" */ = {
			isa = XCConfigurationList;
			buildConfigurations = (
				F0D56C661AF2FA2700F6E12C /* Debug */,
				F0D56C671AF2FA2700F6E12C /* Release */,
			);
			defaultConfigurationIsVisible = 0;
		};
		F0D56C681AF2FA2700F6E12C /* Build configuration list for PBXNativeTarget "IGN CodeFooTests" */ = {
			isa = XCConfigurationList;
			buildConfigurations = (
				F0D56C691AF2FA2700F6E12C /* Debug */,
				F0D56C6A1AF2FA2700F6E12C /* Release */,
			);
			defaultConfigurationIsVisible = 0;
		};
/* End XCConfigurationList section */
	};
	rootObject = F0D56C281AF2FA2700F6E12C /* Project object */;
}
