// !$*UTF8*$!
{
	archiveVersion = 1;
	classes = {
	};
	objectVersion = 46;
	objects = {

/* Begin PBXBuildFile section */
		F0D509521AF34E58009B8052 /* Foundation.framework in Frameworks */ = {isa = PBXBuildFile; fileRef = F0D509511AF34E58009B8052 /* Foundation.framework */; };
		F0D509541AF34E58009B8052 /* CoreGraphics.framework in Frameworks */ = {isa = PBXBuildFile; fileRef = F0D509531AF34E58009B8052 /* CoreGraphics.framework */; };
		F0D509561AF34E58009B8052 /* UIKit.framework in Frameworks */ = {isa = PBXBuildFile; fileRef = F0D509551AF34E58009B8052 /* UIKit.framework */; };
		F0D5095C1AF34E58009B8052 /* InfoPlist.strings in Resources */ = {isa = PBXBuildFile; fileRef = F0D5095A1AF34E58009B8052 /* InfoPlist.strings */; };
		F0D5095E1AF34E58009B8052 /* main.m in Sources */ = {isa = PBXBuildFile; fileRef = F0D5095D1AF34E58009B8052 /* main.m */; };
		F0D509621AF34E58009B8052 /* AppDelegate.m in Sources */ = {isa = PBXBuildFile; fileRef = F0D509611AF34E58009B8052 /* AppDelegate.m */; };
		F0D509651AF34E58009B8052 /* Main.storyboard in Resources */ = {isa = PBXBuildFile; fileRef = F0D509631AF34E58009B8052 /* Main.storyboard */; };
		F0D509681AF34E58009B8052 /* MasterViewController.m in Sources */ = {isa = PBXBuildFile; fileRef = F0D509671AF34E58009B8052 /* MasterViewController.m */; };
		F0D5096D1AF34E58009B8052 /* Images.xcassets in Resources */ = {isa = PBXBuildFile; fileRef = F0D5096C1AF34E58009B8052 /* Images.xcassets */; };
		F0D509741AF34E58009B8052 /* XCTest.framework in Frameworks */ = {isa = PBXBuildFile; fileRef = F0D509731AF34E58009B8052 /* XCTest.framework */; };
		F0D509751AF34E58009B8052 /* Foundation.framework in Frameworks */ = {isa = PBXBuildFile; fileRef = F0D509511AF34E58009B8052 /* Foundation.framework */; };
		F0D509761AF34E58009B8052 /* UIKit.framework in Frameworks */ = {isa = PBXBuildFile; fileRef = F0D509551AF34E58009B8052 /* UIKit.framework */; };
		F0D5097E1AF34E58009B8052 /* InfoPlist.strings in Resources */ = {isa = PBXBuildFile; fileRef = F0D5097C1AF34E58009B8052 /* InfoPlist.strings */; };
		F0D509801AF34E58009B8052 /* CodeFooAppTests.m in Sources */ = {isa = PBXBuildFile; fileRef = F0D5097F1AF34E58009B8052 /* CodeFooAppTests.m */; };
		F0D5098B1AF34F32009B8052 /* DetailCell.m in Sources */ = {isa = PBXBuildFile; fileRef = F0D5098A1AF34F32009B8052 /* DetailCell.m */; };
		F0D509961AF34F5E009B8052 /* Group.m in Sources */ = {isa = PBXBuildFile; fileRef = F0D5098D1AF34F5E009B8052 /* Group.m */; };
		F0D509971AF34F5E009B8052 /* ArticleVideo.m in Sources */ = {isa = PBXBuildFile; fileRef = F0D509901AF34F5E009B8052 /* ArticleVideo.m */; };
		F0D509981AF34F5E009B8052 /* GroupBuilder.m in Sources */ = {isa = PBXBuildFile; fileRef = F0D509921AF34F5E009B8052 /* GroupBuilder.m */; };
		F0D509991AF34F5E009B8052 /* ArtVidManager.m in Sources */ = {isa = PBXBuildFile; fileRef = F0D509951AF34F5E009B8052 /* ArtVidManager.m */; };
		F0D509A31AF35903009B8052 /* articles.jpg in Resources */ = {isa = PBXBuildFile; fileRef = F0D509A21AF35903009B8052 /* articles.jpg */; };
		F0D509A51AF3590D009B8052 /* videos.jpg in Resources */ = {isa = PBXBuildFile; fileRef = F0D509A41AF3590D009B8052 /* videos.jpg */; };
/* End PBXBuildFile section */

/* Begin PBXContainerItemProxy section */
		F0D509771AF34E58009B8052 /* PBXContainerItemProxy */ = {
			isa = PBXContainerItemProxy;
			containerPortal = F0D509461AF34E57009B8052 /* Project object */;
			proxyType = 1;
			remoteGlobalIDString = F0D5094D1AF34E58009B8052;
			remoteInfo = CodeFooApp;
		};
/* End PBXContainerItemProxy section */

/* Begin PBXFileReference section */
		F0D5094E1AF34E58009B8052 /* CodeFooApp.app */ = {isa = PBXFileReference; explicitFileType = wrapper.application; includeInIndex = 0; path = CodeFooApp.app; sourceTree = BUILT_PRODUCTS_DIR; };
		F0D509511AF34E58009B8052 /* Foundation.framework */ = {isa = PBXFileReference; lastKnownFileType = wrapper.framework; name = Foundation.framework; path = System/Library/Frameworks/Foundation.framework; sourceTree = SDKROOT; };
		F0D509531AF34E58009B8052 /* CoreGraphics.framework */ = {isa = PBXFileReference; lastKnownFileType = wrapper.framework; name = CoreGraphics.framework; path = System/Library/Frameworks/CoreGraphics.framework; sourceTree = SDKROOT; };
		F0D509551AF34E58009B8052 /* UIKit.framework */ = {isa = PBXFileReference; lastKnownFileType = wrapper.framework; name = UIKit.framework; path = System/Library/Frameworks/UIKit.framework; sourceTree = SDKROOT; };
		F0D509591AF34E58009B8052 /* CodeFooApp-Info.plist */ = {isa = PBXFileReference; lastKnownFileType = text.plist.xml; path = "CodeFooApp-Info.plist"; sourceTree = "<group>"; };
		F0D5095B1AF34E58009B8052 /* en */ = {isa = PBXFileReference; lastKnownFileType = text.plist.strings; name = en; path = en.lproj/InfoPlist.strings; sourceTree = "<group>"; };
		F0D5095D1AF34E58009B8052 /* main.m */ = {isa = PBXFileReference; lastKnownFileType = sourcecode.c.objc; path = main.m; sourceTree = "<group>"; };
		F0D5095F1AF34E58009B8052 /* CodeFooApp-Prefix.pch */ = {isa = PBXFileReference; lastKnownFileType = sourcecode.c.h; path = "CodeFooApp-Prefix.pch"; sourceTree = "<group>"; };
		F0D509601AF34E58009B8052 /* AppDelegate.h */ = {isa = PBXFileReference; lastKnownFileType = sourcecode.c.h; path = AppDelegate.h; sourceTree = "<group>"; };
		F0D509611AF34E58009B8052 /* AppDelegate.m */ = {isa = PBXFileReference; lastKnownFileType = sourcecode.c.objc; path = AppDelegate.m; sourceTree = "<group>"; };
		F0D509641AF34E58009B8052 /* Base */ = {isa = PBXFileReference; lastKnownFileType = file.storyboard; name = Base; path = Base.lproj/Main.storyboard; sourceTree = "<group>"; };
		F0D509661AF34E58009B8052 /* MasterViewController.h */ = {isa = PBXFileReference; lastKnownFileType = sourcecode.c.h; path = MasterViewController.h; sourceTree = "<group>"; };
		F0D509671AF34E58009B8052 /* MasterViewController.m */ = {isa = PBXFileReference; lastKnownFileType = sourcecode.c.objc; path = MasterViewController.m; sourceTree = "<group>"; };
		F0D5096C1AF34E58009B8052 /* Images.xcassets */ = {isa = PBXFileReference; lastKnownFileType = folder.assetcatalog; path = Images.xcassets; sourceTree = "<group>"; };
		F0D509721AF34E58009B8052 /* CodeFooAppTests.xctest */ = {isa = PBXFileReference; explicitFileType = wrapper.cfbundle; includeInIndex = 0; path = CodeFooAppTests.xctest; sourceTree = BUILT_PRODUCTS_DIR; };
		F0D509731AF34E58009B8052 /* XCTest.framework */ = {isa = PBXFileReference; lastKnownFileType = wrapper.framework; name = XCTest.framework; path = Library/Frameworks/XCTest.framework; sourceTree = DEVELOPER_DIR; };
		F0D5097B1AF34E58009B8052 /* CodeFooAppTests-Info.plist */ = {isa = PBXFileReference; lastKnownFileType = text.plist.xml; path = "CodeFooAppTests-Info.plist"; sourceTree = "<group>"; };
		F0D5097D1AF34E58009B8052 /* en */ = {isa = PBXFileReference; lastKnownFileType = text.plist.strings; name = en; path = en.lproj/InfoPlist.strings; sourceTree = "<group>"; };
		F0D5097F1AF34E58009B8052 /* CodeFooAppTests.m */ = {isa = PBXFileReference; lastKnownFileType = sourcecode.c.objc; path = CodeFooAppTests.m; sourceTree = "<group>"; };
		F0D509891AF34F32009B8052 /* DetailCell.h */ = {isa = PBXFileReference; fileEncoding = 4; lastKnownFileType = sourcecode.c.h; name = DetailCell.h; path = "../../IGN CodeFoo/IGN CodeFoo/DetailCell.h"; sourceTree = "<group>"; };
		F0D5098A1AF34F32009B8052 /* DetailCell.m */ = {isa = PBXFileReference; fileEncoding = 4; lastKnownFileType = sourcecode.c.objc; name = DetailCell.m; path = "../../IGN CodeFoo/IGN CodeFoo/DetailCell.m"; sourceTree = "<group>"; };
		F0D5098C1AF34F5E009B8052 /* Group.h */ = {isa = PBXFileReference; fileEncoding = 4; lastKnownFileType = sourcecode.c.h; name = Group.h; path = "../../IGN CodeFoo/IGN CodeFoo/Group.h"; sourceTree = "<group>"; };
		F0D5098D1AF34F5E009B8052 /* Group.m */ = {isa = PBXFileReference; fileEncoding = 4; lastKnownFileType = sourcecode.c.objc; name = Group.m; path = "../../IGN CodeFoo/IGN CodeFoo/Group.m"; sourceTree = "<group>"; };
		F0D5098E1AF34F5E009B8052 /* ArticleVideoDelegate.h */ = {isa = PBXFileReference; fileEncoding = 4; lastKnownFileType = sourcecode.c.h; name = ArticleVideoDelegate.h; path = "../../IGN CodeFoo/IGN CodeFoo/ArticleVideoDelegate.h"; sourceTree = "<group>"; };
		F0D5098F1AF34F5E009B8052 /* ArticleVideo.h */ = {isa = PBXFileReference; fileEncoding = 4; lastKnownFileType = sourcecode.c.h; name = ArticleVideo.h; path = "../../IGN CodeFoo/IGN CodeFoo/ArticleVideo.h"; sourceTree = "<group>"; };
		F0D509901AF34F5E009B8052 /* ArticleVideo.m */ = {isa = PBXFileReference; fileEncoding = 4; lastKnownFileType = sourcecode.c.objc; name = ArticleVideo.m; path = "../../IGN CodeFoo/IGN CodeFoo/ArticleVideo.m"; sourceTree = "<group>"; };
		F0D509911AF34F5E009B8052 /* GroupBuilder.h */ = {isa = PBXFileReference; fileEncoding = 4; lastKnownFileType = sourcecode.c.h; name = GroupBuilder.h; path = "../../IGN CodeFoo/IGN CodeFoo/GroupBuilder.h"; sourceTree = "<group>"; };
		F0D509921AF34F5E009B8052 /* GroupBuilder.m */ = {isa = PBXFileReference; fileEncoding = 4; lastKnownFileType = sourcecode.c.objc; name = GroupBuilder.m; path = "../../IGN CodeFoo/IGN CodeFoo/GroupBuilder.m"; sourceTree = "<group>"; };
		F0D509931AF34F5E009B8052 /* ArtVidManagerDelegate.h */ = {isa = PBXFileReference; fileEncoding = 4; lastKnownFileType = sourcecode.c.h; name = ArtVidManagerDelegate.h; path = "../../IGN CodeFoo/IGN CodeFoo/ArtVidManagerDelegate.h"; sourceTree = "<group>"; };
		F0D509941AF34F5E009B8052 /* ArtVidManager.h */ = {isa = PBXFileReference; fileEncoding = 4; lastKnownFileType = sourcecode.c.h; name = ArtVidManager.h; path = "../../IGN CodeFoo/IGN CodeFoo/ArtVidManager.h"; sourceTree = "<group>"; };
		F0D509951AF34F5E009B8052 /* ArtVidManager.m */ = {isa = PBXFileReference; fileEncoding = 4; lastKnownFileType = sourcecode.c.objc; name = ArtVidManager.m; path = "../../IGN CodeFoo/IGN CodeFoo/ArtVidManager.m"; sourceTree = "<group>"; };
		F0D509A21AF35903009B8052 /* articles.jpg */ = {isa = PBXFileReference; lastKnownFileType = image.jpeg; name = articles.jpg; path = ../../../.Trash/articles.jpg; sourceTree = "<group>"; };
		F0D509A41AF3590D009B8052 /* videos.jpg */ = {isa = PBXFileReference; lastKnownFileType = image.jpeg; name = videos.jpg; path = ../../../Downloads/videos.jpg; sourceTree = "<group>"; };
/* End PBXFileReference section */

/* Begin PBXFrameworksBuildPhase section */
		F0D5094B1AF34E58009B8052 /* Frameworks */ = {
			isa = PBXFrameworksBuildPhase;
			buildActionMask = 2147483647;
			files = (
				F0D509541AF34E58009B8052 /* CoreGraphics.framework in Frameworks */,
				F0D509561AF34E58009B8052 /* UIKit.framework in Frameworks */,
				F0D509521AF34E58009B8052 /* Foundation.framework in Frameworks */,
			);
			runOnlyForDeploymentPostprocessing = 0;
		};
		F0D5096F1AF34E58009B8052 /* Frameworks */ = {
			isa = PBXFrameworksBuildPhase;
			buildActionMask = 2147483647;
			files = (
				F0D509741AF34E58009B8052 /* XCTest.framework in Frameworks */,
				F0D509761AF34E58009B8052 /* UIKit.framework in Frameworks */,
				F0D509751AF34E58009B8052 /* Foundation.framework in Frameworks */,
			);
			runOnlyForDeploymentPostprocessing = 0;
		};
/* End PBXFrameworksBuildPhase section */

/* Begin PBXGroup section */
		F0D509451AF34E57009B8052 = {
			isa = PBXGroup;
			children = (
				F0D509A41AF3590D009B8052 /* videos.jpg */,
				F0D509A21AF35903009B8052 /* articles.jpg */,
				F0D509571AF34E58009B8052 /* CodeFooApp */,
				F0D509791AF34E58009B8052 /* CodeFooAppTests */,
				F0D509501AF34E58009B8052 /* Frameworks */,
				F0D5094F1AF34E58009B8052 /* Products */,
			);
			sourceTree = "<group>";
		};
		F0D5094F1AF34E58009B8052 /* Products */ = {
			isa = PBXGroup;
			children = (
				F0D5094E1AF34E58009B8052 /* CodeFooApp.app */,
				F0D509721AF34E58009B8052 /* CodeFooAppTests.xctest */,
			);
			name = Products;
			sourceTree = "<group>";
		};
		F0D509501AF34E58009B8052 /* Frameworks */ = {
			isa = PBXGroup;
			children = (
				F0D509511AF34E58009B8052 /* Foundation.framework */,
				F0D509531AF34E58009B8052 /* CoreGraphics.framework */,
				F0D509551AF34E58009B8052 /* UIKit.framework */,
				F0D509731AF34E58009B8052 /* XCTest.framework */,
			);
			name = Frameworks;
			sourceTree = "<group>";
		};
		F0D509571AF34E58009B8052 /* CodeFooApp */ = {
			isa = PBXGroup;
			children = (
				F0D509601AF34E58009B8052 /* AppDelegate.h */,
				F0D509611AF34E58009B8052 /* AppDelegate.m */,
				F0D509631AF34E58009B8052 /* Main.storyboard */,
				F0D509661AF34E58009B8052 /* MasterViewController.h */,
				F0D509671AF34E58009B8052 /* MasterViewController.m */,
				F0D509891AF34F32009B8052 /* DetailCell.h */,
				F0D5098A1AF34F32009B8052 /* DetailCell.m */,
				F0D5096C1AF34E58009B8052 /* Images.xcassets */,
				F0D509581AF34E58009B8052 /* Supporting Files */,
			);
			path = CodeFooApp;
			sourceTree = "<group>";
		};
		F0D509581AF34E58009B8052 /* Supporting Files */ = {
			isa = PBXGroup;
			children = (
				F0D509591AF34E58009B8052 /* CodeFooApp-Info.plist */,
				F0D5095A1AF34E58009B8052 /* InfoPlist.strings */,
				F0D5095D1AF34E58009B8052 /* main.m */,
				F0D5095F1AF34E58009B8052 /* CodeFooApp-Prefix.pch */,
				F0D5098C1AF34F5E009B8052 /* Group.h */,
				F0D5098D1AF34F5E009B8052 /* Group.m */,
				F0D5098E1AF34F5E009B8052 /* ArticleVideoDelegate.h */,
				F0D5098F1AF34F5E009B8052 /* ArticleVideo.h */,
				F0D509901AF34F5E009B8052 /* ArticleVideo.m */,
				F0D509911AF34F5E009B8052 /* GroupBuilder.h */,
				F0D509921AF34F5E009B8052 /* GroupBuilder.m */,
				F0D509931AF34F5E009B8052 /* ArtVidManagerDelegate.h */,
				F0D509941AF34F5E009B8052 /* ArtVidManager.h */,
				F0D509951AF34F5E009B8052 /* ArtVidManager.m */,
			);
			name = "Supporting Files";
			sourceTree = "<group>";
		};
		F0D509791AF34E58009B8052 /* CodeFooAppTests */ = {
			isa = PBXGroup;
			children = (
				F0D5097F1AF34E58009B8052 /* CodeFooAppTests.m */,
				F0D5097A1AF34E58009B8052 /* Supporting Files */,
			);
			path = CodeFooAppTests;
			sourceTree = "<group>";
		};
		F0D5097A1AF34E58009B8052 /* Supporting Files */ = {
			isa = PBXGroup;
			children = (
				F0D5097B1AF34E58009B8052 /* CodeFooAppTests-Info.plist */,
				F0D5097C1AF34E58009B8052 /* InfoPlist.strings */,
			);
			name = "Supporting Files";
			sourceTree = "<group>";
		};
/* End PBXGroup section */

/* Begin PBXNativeTarget section */
		F0D5094D1AF34E58009B8052 /* CodeFooApp */ = {
			isa = PBXNativeTarget;
			buildConfigurationList = F0D509831AF34E58009B8052 /* Build configuration list for PBXNativeTarget "CodeFooApp" */;
			buildPhases = (
				F0D5094A1AF34E58009B8052 /* Sources */,
				F0D5094B1AF34E58009B8052 /* Frameworks */,
				F0D5094C1AF34E58009B8052 /* Resources */,
			);
			buildRules = (
			);
			dependencies = (
			);
			name = CodeFooApp;
			productName = CodeFooApp;
			productReference = F0D5094E1AF34E58009B8052 /* CodeFooApp.app */;
			productType = "com.apple.product-type.application";
		};
		F0D509711AF34E58009B8052 /* CodeFooAppTests */ = {
			isa = PBXNativeTarget;
			buildConfigurationList = F0D509861AF34E58009B8052 /* Build configuration list for PBXNativeTarget "CodeFooAppTests" */;
			buildPhases = (
				F0D5096E1AF34E58009B8052 /* Sources */,
				F0D5096F1AF34E58009B8052 /* Frameworks */,
				F0D509701AF34E58009B8052 /* Resources */,
			);
			buildRules = (
			);
			dependencies = (
				F0D509781AF34E58009B8052 /* PBXTargetDependency */,
			);
			name = CodeFooAppTests;
			productName = CodeFooAppTests;
			productReference = F0D509721AF34E58009B8052 /* CodeFooAppTests.xctest */;
			productType = "com.apple.product-type.bundle.unit-test";
		};
/* End PBXNativeTarget section */

/* Begin PBXProject section */
		F0D509461AF34E57009B8052 /* Project object */ = {
			isa = PBXProject;
			attributes = {
				LastUpgradeCheck = 0500;
				ORGANIZATIONNAME = Kumaran;
				TargetAttributes = {
					F0D509711AF34E58009B8052 = {
						TestTargetID = F0D5094D1AF34E58009B8052;
					};
				};
			};
			buildConfigurationList = F0D509491AF34E57009B8052 /* Build configuration list for PBXProject "CodeFooApp" */;
			compatibilityVersion = "Xcode 3.2";
			developmentRegion = English;
			hasScannedForEncodings = 0;
			knownRegions = (
				en,
				Base,
			);
			mainGroup = F0D509451AF34E57009B8052;
			productRefGroup = F0D5094F1AF34E58009B8052 /* Products */;
			projectDirPath = "";
			projectRoot = "";
			targets = (
				F0D5094D1AF34E58009B8052 /* CodeFooApp */,
				F0D509711AF34E58009B8052 /* CodeFooAppTests */,
			);
		};
/* End PBXProject section */

/* Begin PBXResourcesBuildPhase section */
		F0D5094C1AF34E58009B8052 /* Resources */ = {
			isa = PBXResourcesBuildPhase;
			buildActionMask = 2147483647;
			files = (
				F0D5096D1AF34E58009B8052 /* Images.xcassets in Resources */,
				F0D5095C1AF34E58009B8052 /* InfoPlist.strings in Resources */,
				F0D509A31AF35903009B8052 /* articles.jpg in Resources */,
				F0D509A51AF3590D009B8052 /* videos.jpg in Resources */,
				F0D509651AF34E58009B8052 /* Main.storyboard in Resources */,
			);
			runOnlyForDeploymentPostprocessing = 0;
		};
		F0D509701AF34E58009B8052 /* Resources */ = {
			isa = PBXResourcesBuildPhase;
			buildActionMask = 2147483647;
			files = (
				F0D5097E1AF34E58009B8052 /* InfoPlist.strings in Resources */,
			);
			runOnlyForDeploymentPostprocessing = 0;
		};
/* End PBXResourcesBuildPhase section */

/* Begin PBXSourcesBuildPhase section */
		F0D5094A1AF34E58009B8052 /* Sources */ = {
			isa = PBXSourcesBuildPhase;
			buildActionMask = 2147483647;
			files = (
				F0D509621AF34E58009B8052 /* AppDelegate.m in Sources */,
				F0D509681AF34E58009B8052 /* MasterViewController.m in Sources */,
				F0D509971AF34F5E009B8052 /* ArticleVideo.m in Sources */,
				F0D509961AF34F5E009B8052 /* Group.m in Sources */,
				F0D509981AF34F5E009B8052 /* GroupBuilder.m in Sources */,
				F0D5098B1AF34F32009B8052 /* DetailCell.m in Sources */,
				F0D5095E1AF34E58009B8052 /* main.m in Sources */,
				F0D509991AF34F5E009B8052 /* ArtVidManager.m in Sources */,
			);
			runOnlyForDeploymentPostprocessing = 0;
		};
		F0D5096E1AF34E58009B8052 /* Sources */ = {
			isa = PBXSourcesBuildPhase;
			buildActionMask = 2147483647;
			files = (
				F0D509801AF34E58009B8052 /* CodeFooAppTests.m in Sources */,
			);
			runOnlyForDeploymentPostprocessing = 0;
		};
/* End PBXSourcesBuildPhase section */

/* Begin PBXTargetDependency section */
		F0D509781AF34E58009B8052 /* PBXTargetDependency */ = {
			isa = PBXTargetDependency;
			target = F0D5094D1AF34E58009B8052 /* CodeFooApp */;
			targetProxy = F0D509771AF34E58009B8052 /* PBXContainerItemProxy */;
		};
/* End PBXTargetDependency section */

/* Begin PBXVariantGroup section */
		F0D5095A1AF34E58009B8052 /* InfoPlist.strings */ = {
			isa = PBXVariantGroup;
			children = (
				F0D5095B1AF34E58009B8052 /* en */,
			);
			name = InfoPlist.strings;
			sourceTree = "<group>";
		};
		F0D509631AF34E58009B8052 /* Main.storyboard */ = {
			isa = PBXVariantGroup;
			children = (
				F0D509641AF34E58009B8052 /* Base */,
			);
			name = Main.storyboard;
			sourceTree = "<group>";
		};
		F0D5097C1AF34E58009B8052 /* InfoPlist.strings */ = {
			isa = PBXVariantGroup;
			children = (
				F0D5097D1AF34E58009B8052 /* en */,
			);
			name = InfoPlist.strings;
			sourceTree = "<group>";
		};
/* End PBXVariantGroup section */

/* Begin XCBuildConfiguration section */
		F0D509811AF34E58009B8052 /* Debug */ = {
			isa = XCBuildConfiguration;
			buildSettings = {
				ALWAYS_SEARCH_USER_PATHS = NO;
				ARCHS = "$(ARCHS_STANDARD_INCLUDING_64_BIT)";
				CLANG_CXX_LANGUAGE_STANDARD = "gnu++0x";
				CLANG_CXX_LIBRARY = "libc++";
				CLANG_ENABLE_MODULES = YES;
				CLANG_ENABLE_OBJC_ARC = YES;
				CLANG_WARN_BOOL_CONVERSION = YES;
				CLANG_WARN_CONSTANT_CONVERSION = YES;
				CLANG_WARN_DIRECT_OBJC_ISA_USAGE = YES_ERROR;
				CLANG_WARN_EMPTY_BODY = YES;
				CLANG_WARN_ENUM_CONVERSION = YES;
				CLANG_WARN_INT_CONVERSION = YES;
				CLANG_WARN_OBJC_ROOT_CLASS = YES_ERROR;
				CLANG_WARN__DUPLICATE_METHOD_MATCH = YES;
				"CODE_SIGN_IDENTITY[sdk=iphoneos*]" = "iPhone Developer";
				COPY_PHASE_STRIP = NO;
				GCC_C_LANGUAGE_STANDARD = gnu99;
				GCC_DYNAMIC_NO_PIC = NO;
				GCC_OPTIMIZATION_LEVEL = 0;
				GCC_PREPROCESSOR_DEFINITIONS = (
					"DEBUG=1",
					"$(inherited)",
				);
				GCC_SYMBOLS_PRIVATE_EXTERN = NO;
				GCC_WARN_64_TO_32_BIT_CONVERSION = YES;
				GCC_WARN_ABOUT_RETURN_TYPE = YES_ERROR;
				GCC_WARN_UNDECLARED_SELECTOR = YES;
				GCC_WARN_UNINITIALIZED_AUTOS = YES;
				GCC_WARN_UNUSED_FUNCTION = YES;
				GCC_WARN_UNUSED_VARIABLE = YES;
				IPHONEOS_DEPLOYMENT_TARGET = 7.0;
				ONLY_ACTIVE_ARCH = YES;
				SDKROOT = iphoneos;
			};
			name = Debug;
		};
		F0D509821AF34E58009B8052 /* Release */ = {
			isa = XCBuildConfiguration;
			buildSettings = {
				ALWAYS_SEARCH_USER_PATHS = NO;
				ARCHS = "$(ARCHS_STANDARD_INCLUDING_64_BIT)";
				CLANG_CXX_LANGUAGE_STANDARD = "gnu++0x";
				CLANG_CXX_LIBRARY = "libc++";
				CLANG_ENABLE_MODULES = YES;
				CLANG_ENABLE_OBJC_ARC = YES;
				CLANG_WARN_BOOL_CONVERSION = YES;
				CLANG_WARN_CONSTANT_CONVERSION = YES;
				CLANG_WARN_DIRECT_OBJC_ISA_USAGE = YES_ERROR;
				CLANG_WARN_EMPTY_BODY = YES;
				CLANG_WARN_ENUM_CONVERSION = YES;
				CLANG_WARN_INT_CONVERSION = YES;
				CLANG_WARN_OBJC_ROOT_CLASS = YES_ERROR;
				CLANG_WARN__DUPLICATE_METHOD_MATCH = YES;
				"CODE_SIGN_IDENTITY[sdk=iphoneos*]" = "iPhone Developer";
				COPY_PHASE_STRIP = YES;
				ENABLE_NS_ASSERTIONS = NO;
				GCC_C_LANGUAGE_STANDARD = gnu99;
				GCC_WARN_64_TO_32_BIT_CONVERSION = YES;
				GCC_WARN_ABOUT_RETURN_TYPE = YES_ERROR;
				GCC_WARN_UNDECLARED_SELECTOR = YES;
				GCC_WARN_UNINITIALIZED_AUTOS = YES;
				GCC_WARN_UNUSED_FUNCTION = YES;
				GCC_WARN_UNUSED_VARIABLE = YES;
				IPHONEOS_DEPLOYMENT_TARGET = 7.0;
				SDKROOT = iphoneos;
				VALIDATE_PRODUCT = YES;
			};
			name = Release;
		};
		F0D509841AF34E58009B8052 /* Debug */ = {
			isa = XCBuildConfiguration;
			buildSettings = {
				ASSETCATALOG_COMPILER_APPICON_NAME = AppIcon;
				ASSETCATALOG_COMPILER_LAUNCHIMAGE_NAME = LaunchImage;
				GCC_PRECOMPILE_PREFIX_HEADER = YES;
				GCC_PREFIX_HEADER = "CodeFooApp/CodeFooApp-Prefix.pch";
				INFOPLIST_FILE = "CodeFooApp/CodeFooApp-Info.plist";
				PRODUCT_NAME = "$(TARGET_NAME)";
				WRAPPER_EXTENSION = app;
			};
			name = Debug;
		};
		F0D509851AF34E58009B8052 /* Release */ = {
			isa = XCBuildConfiguration;
			buildSettings = {
				ASSETCATALOG_COMPILER_APPICON_NAME = AppIcon;
				ASSETCATALOG_COMPILER_LAUNCHIMAGE_NAME = LaunchImage;
				GCC_PRECOMPILE_PREFIX_HEADER = YES;
				GCC_PREFIX_HEADER = "CodeFooApp/CodeFooApp-Prefix.pch";
				INFOPLIST_FILE = "CodeFooApp/CodeFooApp-Info.plist";
				PRODUCT_NAME = "$(TARGET_NAME)";
				WRAPPER_EXTENSION = app;
			};
			name = Release;
		};
		F0D509871AF34E58009B8052 /* Debug */ = {
			isa = XCBuildConfiguration;
			buildSettings = {
				ARCHS = "$(ARCHS_STANDARD_INCLUDING_64_BIT)";
				BUNDLE_LOADER = "$(BUILT_PRODUCTS_DIR)/CodeFooApp.app/CodeFooApp";
				FRAMEWORK_SEARCH_PATHS = (
					"$(SDKROOT)/Developer/Library/Frameworks",
					"$(inherited)",
					"$(DEVELOPER_FRAMEWORKS_DIR)",
				);
				GCC_PRECOMPILE_PREFIX_HEADER = YES;
				GCC_PREFIX_HEADER = "CodeFooApp/CodeFooApp-Prefix.pch";
				GCC_PREPROCESSOR_DEFINITIONS = (
					"DEBUG=1",
					"$(inherited)",
				);
				INFOPLIST_FILE = "CodeFooAppTests/CodeFooAppTests-Info.plist";
				PRODUCT_NAME = "$(TARGET_NAME)";
				TEST_HOST = "$(BUNDLE_LOADER)";
				WRAPPER_EXTENSION = xctest;
			};
			name = Debug;
		};
		F0D509881AF34E58009B8052 /* Release */ = {
			isa = XCBuildConfiguration;
			buildSettings = {
				ARCHS = "$(ARCHS_STANDARD_INCLUDING_64_BIT)";
				BUNDLE_LOADER = "$(BUILT_PRODUCTS_DIR)/CodeFooApp.app/CodeFooApp";
				FRAMEWORK_SEARCH_PATHS = (
					"$(SDKROOT)/Developer/Library/Frameworks",
					"$(inherited)",
					"$(DEVELOPER_FRAMEWORKS_DIR)",
				);
				GCC_PRECOMPILE_PREFIX_HEADER = YES;
				GCC_PREFIX_HEADER = "CodeFooApp/CodeFooApp-Prefix.pch";
				INFOPLIST_FILE = "CodeFooAppTests/CodeFooAppTests-Info.plist";
				PRODUCT_NAME = "$(TARGET_NAME)";
				TEST_HOST = "$(BUNDLE_LOADER)";
				WRAPPER_EXTENSION = xctest;
			};
			name = Release;
		};
/* End XCBuildConfiguration section */

/* Begin XCConfigurationList section */
		F0D509491AF34E57009B8052 /* Build configuration list for PBXProject "CodeFooApp" */ = {
			isa = XCConfigurationList;
			buildConfigurations = (
				F0D509811AF34E58009B8052 /* Debug */,
				F0D509821AF34E58009B8052 /* Release */,
			);
			defaultConfigurationIsVisible = 0;
			defaultConfigurationName = Release;
		};
		F0D509831AF34E58009B8052 /* Build configuration list for PBXNativeTarget "CodeFooApp" */ = {
			isa = XCConfigurationList;
			buildConfigurations = (
				F0D509841AF34E58009B8052 /* Debug */,
				F0D509851AF34E58009B8052 /* Release */,
			);
			defaultConfigurationIsVisible = 0;
			defaultConfigurationName = Release;
		};
		F0D509861AF34E58009B8052 /* Build configuration list for PBXNativeTarget "CodeFooAppTests" */ = {
			isa = XCConfigurationList;
			buildConfigurations = (
				F0D509871AF34E58009B8052 /* Debug */,
				F0D509881AF34E58009B8052 /* Release */,
			);
			defaultConfigurationIsVisible = 0;
			defaultConfigurationName = Release;
		};
/* End XCConfigurationList section */
	};
	rootObject = F0D509461AF34E57009B8052 /* Project object */;
}
